hash: 39161bab64da5283a3cc9ce0ba3f357e6c92f09db879be788807670f9ca8d612
updated: 2016-08-24T22:53:40.932883521+02:00
imports:
- name: github.com/bborbe/io
  version: 56d91e8345e4418981a56bc4b8466b4096138f08
  subpackages:
  - buffered_writer
- name: github.com/bborbe/log
  version: 0250bb5b2e2bd833cb9a47333c28aa46751cdbfe
- name: github.com/bborbe/stringutil
  version: e90c6fb8bbddb607991a4cbcb2618af3dfcb13fd
testImports:
- name: github.com/bborbe/assert
  version: cd6d0ec67c40ced8ca6cf72773b9e4b44420fbd2
