# This file is autogenerated, do not edit; changes may be undone by the next 'dep ensure'.


[[projects]]
  branch = "master"
  name = "github.com/bborbe/assert"
  packages = ["."]
  revision = "765570a0aaf5913880d33fee2dd7e4c52b294021"

[[projects]]
  branch = "master"
  name = "github.com/bborbe/stringutil"
  packages = ["."]
  revision = "5bad1563d440e94f52a86cc502606af8233b587b"

[[projects]]
  branch = "master"
  name = "github.com/golang/glog"
  packages = ["."]
  revision = "23def4e6c14b4da8ac2ed8007337bc5eb5007998"

[solve-meta]
  analyzer-name = "dep"
  analyzer-version = 1
  inputs-digest = "44b6353e43b713409a21ab45818784085fbedb926249cdbf11bbe260e90e9a33"
  solver-name = "gps-cdcl"
  solver-version = 1
